
Microsoft Visual Studio Solution File, Format Version 12.00
# Visual Studio 15
VisualStudioVersion = 15.0.27004.2009
MinimumVisualStudioVersion = 10.0.40219.1
Project("{FAE04EC0-301F-11D3-BF4B-00C04F79EFBC}") = "Bootstrap3NavBarTestProject", "Bootstrap3NavBarTestProject\Bootstrap3NavBarTestProject.csproj", "{D176CC51-B763-4619-8DFA-163FE3CF3912}"
EndProject
Global
	GlobalSection(SolutionConfigurationPlatforms) = preSolution
		Debug|Any CPU = Debug|Any CPU
		Release|Any CPU = Release|Any CPU
	EndGlobalSection
	GlobalSection(ProjectConfigurationPlatforms) = postSolution
		{D176CC51-B763-4619-8DFA-163FE3CF3912}.Debug|Any CPU.ActiveCfg = Debug|Any CPU
		{D176CC51-B763-4619-8DFA-163FE3CF3912}.Debug|Any CPU.Build.0 = Debug|Any CPU
		{D176CC51-B763-4619-8DFA-163FE3CF3912}.Release|Any CPU.ActiveCfg = Release|Any CPU
		{D176CC51-B763-4619-8DFA-163FE3CF3912}.Release|Any CPU.Build.0 = Release|Any CPU
	EndGlobalSection
	GlobalSection(SolutionProperties) = preSolution
		HideSolutionNode = FALSE
	EndGlobalSection
	GlobalSection(ExtensibilityGlobals) = postSolution
		SolutionGuid = {41A67E69-3E35-4055-B883-CA279DD313D3}
	EndGlobalSection
EndGlobal
